
Microsoft Visual Studio Solution File, Format Version 12.00
# Visual Studio 2013
VisualStudioVersion = 12.0.21005.1
MinimumVisualStudioVersion = 10.0.40219.1
Project("{FAE04EC0-301F-11D3-BF4B-00C04F79EFBC}") = "DiagnosticTools", "DiagnosticTools\DiagnosticTools.csproj", "{C81D9D99-CCEB-4C83-A5E9-08C2D96939D0}"
EndProject
Project("{FAE04EC0-301F-11D3-BF4B-00C04F79EFBC}") = "TestDiagnosticTools", "TestDiagnosticTools\TestDiagnosticTools.csproj", "{2605DBEB-9D57-47F1-8551-EE27CCFF8A83}"
EndProject
Global
	GlobalSection(SolutionConfigurationPlatforms) = preSolution
		Debug|Any CPU = Debug|Any CPU
		Release|Any CPU = Release|Any CPU
	EndGlobalSection
	GlobalSection(ProjectConfigurationPlatforms) = postSolution
		{C81D9D99-CCEB-4C83-A5E9-08C2D96939D0}.Debug|Any CPU.ActiveCfg = Debug|Any CPU
		{C81D9D99-CCEB-4C83-A5E9-08C2D96939D0}.Debug|Any CPU.Build.0 = Debug|Any CPU
		{C81D9D99-CCEB-4C83-A5E9-08C2D96939D0}.Release|Any CPU.ActiveCfg = Release|Any CPU
		{C81D9D99-CCEB-4C83-A5E9-08C2D96939D0}.Release|Any CPU.Build.0 = Release|Any CPU
		{2605DBEB-9D57-47F1-8551-EE27CCFF8A83}.Debug|Any CPU.ActiveCfg = Debug|Any CPU
		{2605DBEB-9D57-47F1-8551-EE27CCFF8A83}.Debug|Any CPU.Build.0 = Debug|Any CPU
		{2605DBEB-9D57-47F1-8551-EE27CCFF8A83}.Release|Any CPU.ActiveCfg = Release|Any CPU
		{2605DBEB-9D57-47F1-8551-EE27CCFF8A83}.Release|Any CPU.Build.0 = Release|Any CPU
	EndGlobalSection
	GlobalSection(SolutionProperties) = preSolution
		HideSolutionNode = FALSE
	EndGlobalSection
EndGlobal
